
Microsoft Visual Studio Solution File, Format Version 12.00
# Visual Studio Version 16
VisualStudioVersion = 16.0.30204.135
MinimumVisualStudioVersion = 10.0.40219.1
Project("{FAE04EC0-301F-11D3-BF4B-00C04F79EFBC}") = "RandomGenerator", "RandomGenerator.csproj", "{9DBD39BE-8168-49B2-B6D7-E02FDA9F87E5}"
EndProject
Project("{FAE04EC0-301F-11D3-BF4B-00C04F79EFBC}") = "RandomGenMSunitTests", "..\RandomGenMSunitTests\RandomGenMSunitTests.csproj", "{A075A00B-A51F-4661-B32C-CA38E569661A}"
EndProject
Global
	GlobalSection(SolutionConfigurationPlatforms) = preSolution
		Debug|Any CPU = Debug|Any CPU
		Release|Any CPU = Release|Any CPU
	EndGlobalSection
	GlobalSection(ProjectConfigurationPlatforms) = postSolution
		{9DBD39BE-8168-49B2-B6D7-E02FDA9F87E5}.Debug|Any CPU.ActiveCfg = Debug|Any CPU
		{9DBD39BE-8168-49B2-B6D7-E02FDA9F87E5}.Debug|Any CPU.Build.0 = Debug|Any CPU
		{9DBD39BE-8168-49B2-B6D7-E02FDA9F87E5}.Release|Any CPU.ActiveCfg = Release|Any CPU
		{9DBD39BE-8168-49B2-B6D7-E02FDA9F87E5}.Release|Any CPU.Build.0 = Release|Any CPU
		{A075A00B-A51F-4661-B32C-CA38E569661A}.Debug|Any CPU.ActiveCfg = Debug|Any CPU
		{A075A00B-A51F-4661-B32C-CA38E569661A}.Debug|Any CPU.Build.0 = Debug|Any CPU
		{A075A00B-A51F-4661-B32C-CA38E569661A}.Release|Any CPU.ActiveCfg = Release|Any CPU
		{A075A00B-A51F-4661-B32C-CA38E569661A}.Release|Any CPU.Build.0 = Release|Any CPU
	EndGlobalSection
	GlobalSection(SolutionProperties) = preSolution
		HideSolutionNode = FALSE
	EndGlobalSection
	GlobalSection(ExtensibilityGlobals) = postSolution
		SolutionGuid = {EE0577E1-EFAB-4C13-A9B0-BA787A1E7B55}
	EndGlobalSection
EndGlobal
